{
  "name": "projeto_integrador",
  "version": "1.0.0",
  "lockfileVersion": 1,
  "requires": true,
  "dependencies": {
    "@prisma/engines": {
      "version": "4.3.1",
      "resolved": "https://registry.npmjs.org/@prisma/engines/-/engines-4.3.1.tgz",
      "integrity": "sha512-4JF/uMaEDAPdcdZNOrnzE3BvrbGpjgV0FcPT3EVoi6I86fWkloqqxBt+KcK/+fIRR0Pxj66uGR9wVH8U1Y13JA==",
      "dev": true
    },
    "prisma": {
      "version": "4.3.1",
      "resolved": "https://registry.npmjs.org/prisma/-/prisma-4.3.1.tgz",
      "integrity": "sha512-90xo06wtqil76Xsi3mNpc4Js3SdDRR5g4qb9h+4VWY4Y8iImJY6xc3PX+C9xxTSt1lr0Q89A0MLkJjd8ax6KiQ==",
      "dev": true,
      "requires": {
        "@prisma/engines": "4.3.1"
      }
    }
  }
}
